
Microsoft Visual Studio Solution File, Format Version 12.00
# Visual Studio 14
VisualStudioVersion = 14.0.25420.1
MinimumVisualStudioVersion = 10.0.40219.1
Project("{FAE04EC0-301F-11D3-BF4B-00C04F79EFBC}") = "GnuPG Encryption", "GnuPG Encryption\GnuPG Encryption.csproj", "{7EDB0AF6-B55D-4E87-BAEC-E8D200DCF423}"
EndProject
Project("{FAE04EC0-301F-11D3-BF4B-00C04F79EFBC}") = "gpgme-sharp", "gpgme-sharp\gpgme-sharp.csproj", "{5523357F-F3CA-4E25-B6EC-30EE3F5D769D}"
EndProject
Project("{FAE04EC0-301F-11D3-BF4B-00C04F79EFBC}") = "Funcional.GnuPG", "Funcional.GnuPG\Funcional.GnuPG.csproj", "{CA7B944E-DA03-4FB9-8E97-171491583A8F}"
EndProject
Project("{FAE04EC0-301F-11D3-BF4B-00C04F79EFBC}") = "GnuPGBinary", "GnuPGBinary\GnuPGBinary.csproj", "{3C02EC32-C3E8-41B6-9143-F58D512A4652}"
EndProject
Global
	GlobalSection(SolutionConfigurationPlatforms) = preSolution
		Debug|Any CPU = Debug|Any CPU
		Debug|x86 = Debug|x86
		Release|Any CPU = Release|Any CPU
		Release|x86 = Release|x86
	EndGlobalSection
	GlobalSection(ProjectConfigurationPlatforms) = postSolution
		{7EDB0AF6-B55D-4E87-BAEC-E8D200DCF423}.Debug|Any CPU.ActiveCfg = Debug|Any CPU
		{7EDB0AF6-B55D-4E87-BAEC-E8D200DCF423}.Debug|Any CPU.Build.0 = Debug|Any CPU
		{7EDB0AF6-B55D-4E87-BAEC-E8D200DCF423}.Debug|x86.ActiveCfg = Debug|Any CPU
		{7EDB0AF6-B55D-4E87-BAEC-E8D200DCF423}.Debug|x86.Build.0 = Debug|Any CPU
		{7EDB0AF6-B55D-4E87-BAEC-E8D200DCF423}.Release|Any CPU.ActiveCfg = Release|Any CPU
		{7EDB0AF6-B55D-4E87-BAEC-E8D200DCF423}.Release|Any CPU.Build.0 = Release|Any CPU
		{7EDB0AF6-B55D-4E87-BAEC-E8D200DCF423}.Release|x86.ActiveCfg = Release|Any CPU
		{7EDB0AF6-B55D-4E87-BAEC-E8D200DCF423}.Release|x86.Build.0 = Release|Any CPU
		{5523357F-F3CA-4E25-B6EC-30EE3F5D769D}.Debug|Any CPU.ActiveCfg = Debug|Any CPU
		{5523357F-F3CA-4E25-B6EC-30EE3F5D769D}.Debug|Any CPU.Build.0 = Debug|Any CPU
		{5523357F-F3CA-4E25-B6EC-30EE3F5D769D}.Debug|x86.ActiveCfg = Debug|x86
		{5523357F-F3CA-4E25-B6EC-30EE3F5D769D}.Debug|x86.Build.0 = Debug|x86
		{5523357F-F3CA-4E25-B6EC-30EE3F5D769D}.Release|Any CPU.ActiveCfg = Release|Any CPU
		{5523357F-F3CA-4E25-B6EC-30EE3F5D769D}.Release|Any CPU.Build.0 = Release|Any CPU
		{5523357F-F3CA-4E25-B6EC-30EE3F5D769D}.Release|x86.ActiveCfg = Release|x86
		{5523357F-F3CA-4E25-B6EC-30EE3F5D769D}.Release|x86.Build.0 = Release|x86
		{CA7B944E-DA03-4FB9-8E97-171491583A8F}.Debug|Any CPU.ActiveCfg = Debug|Any CPU
		{CA7B944E-DA03-4FB9-8E97-171491583A8F}.Debug|Any CPU.Build.0 = Debug|Any CPU
		{CA7B944E-DA03-4FB9-8E97-171491583A8F}.Debug|x86.ActiveCfg = Debug|Any CPU
		{CA7B944E-DA03-4FB9-8E97-171491583A8F}.Debug|x86.Build.0 = Debug|Any CPU
		{CA7B944E-DA03-4FB9-8E97-171491583A8F}.Release|Any CPU.ActiveCfg = Release|Any CPU
		{CA7B944E-DA03-4FB9-8E97-171491583A8F}.Release|Any CPU.Build.0 = Release|Any CPU
		{CA7B944E-DA03-4FB9-8E97-171491583A8F}.Release|x86.ActiveCfg = Release|Any CPU
		{CA7B944E-DA03-4FB9-8E97-171491583A8F}.Release|x86.Build.0 = Release|Any CPU
		{3C02EC32-C3E8-41B6-9143-F58D512A4652}.Debug|Any CPU.ActiveCfg = Debug|Any CPU
		{3C02EC32-C3E8-41B6-9143-F58D512A4652}.Debug|Any CPU.Build.0 = Debug|Any CPU
		{3C02EC32-C3E8-41B6-9143-F58D512A4652}.Debug|x86.ActiveCfg = Debug|Any CPU
		{3C02EC32-C3E8-41B6-9143-F58D512A4652}.Debug|x86.Build.0 = Debug|Any CPU
		{3C02EC32-C3E8-41B6-9143-F58D512A4652}.Release|Any CPU.ActiveCfg = Release|Any CPU
		{3C02EC32-C3E8-41B6-9143-F58D512A4652}.Release|Any CPU.Build.0 = Release|Any CPU
		{3C02EC32-C3E8-41B6-9143-F58D512A4652}.Release|x86.ActiveCfg = Release|Any CPU
		{3C02EC32-C3E8-41B6-9143-F58D512A4652}.Release|x86.Build.0 = Release|Any CPU
	EndGlobalSection
	GlobalSection(SolutionProperties) = preSolution
		HideSolutionNode = FALSE
	EndGlobalSection
	GlobalSection(TeamFoundationVersionControl) = preSolution
		SccNumberOfProjects = 5
		SccEnterpriseProvider = {4CA58AB2-18FA-4F8D-95D4-32DDF27D184C}
		SccTeamFoundationServer = http://tfsfuncional:8080/tfs/solutioncenter
		SccLocalPath0 = .
		SccProjectUniqueName1 = Funcional.GnuPG\\Funcional.GnuPG.csproj
		SccProjectName1 = Funcional.GnuPG
		SccLocalPath1 = Funcional.GnuPG
		SccProjectUniqueName2 = GnuPG\u0020Encryption\\GnuPG\u0020Encryption.csproj
		SccProjectName2 = GnuPG\u0020Encryption
		SccLocalPath2 = GnuPG\u0020Encryption
		SccProjectUniqueName3 = GnuPGBinary\\GnuPGBinary.csproj
		SccProjectName3 = GnuPGBinary
		SccLocalPath3 = GnuPGBinary
		SccProjectUniqueName4 = gpgme-sharp\\gpgme-sharp.csproj
		SccProjectName4 = gpgme-sharp
		SccLocalPath4 = gpgme-sharp
	EndGlobalSection
EndGlobal
